
Microsoft Visual Studio Solution File, Format Version 12.00
# Visual Studio Version 17
VisualStudioVersion = 17.13.35919.96 d17.13
MinimumVisualStudioVersion = 10.0.40219.1
Project("{FAE04EC0-301F-11D3-BF4B-00C04F79EFBC}") = "Identity.API", "src\Identity.API\Identity.API.csproj", "{69903447-5DF6-22E7-90A7-81BEAEF72338}"
EndProject
Project("{FAE04EC0-301F-11D3-BF4B-00C04F79EFBC}") = "Identity.Application", "src\Identity.Application\Identity.Application.csproj", "{905F92EA-12D7-44B9-C51B-2C695A2F087C}"
EndProject
Project("{FAE04EC0-301F-11D3-BF4B-00C04F79EFBC}") = "Identity.Domain", "src\Identity.Domain\Identity.Domain.csproj", "{D6AA8B29-E354-04AF-6541-8DF97E8B436C}"
EndProject
Project("{FAE04EC0-301F-11D3-BF4B-00C04F79EFBC}") = "Identity.Infrastructure", "src\Identity.Infrastructure\Identity.Infrastructure.csproj", "{C3905218-1E6B-7B4C-4AD3-C3D27E289FCB}"
EndProject
Project("{FAE04EC0-301F-11D3-BF4B-00C04F79EFBC}") = "Identity.Test", "src\Identity.Test\Identity.Test.csproj", "{F16034D9-05C3-94F2-A68C-325D64348023}"
EndProject
Global
	GlobalSection(SolutionConfigurationPlatforms) = preSolution
		Debug|Any CPU = Debug|Any CPU
		Release|Any CPU = Release|Any CPU
	EndGlobalSection
	GlobalSection(ProjectConfigurationPlatforms) = postSolution
		{69903447-5DF6-22E7-90A7-81BEAEF72338}.Debug|Any CPU.ActiveCfg = Debug|Any CPU
		{69903447-5DF6-22E7-90A7-81BEAEF72338}.Debug|Any CPU.Build.0 = Debug|Any CPU
		{69903447-5DF6-22E7-90A7-81BEAEF72338}.Release|Any CPU.ActiveCfg = Release|Any CPU
		{69903447-5DF6-22E7-90A7-81BEAEF72338}.Release|Any CPU.Build.0 = Release|Any CPU
		{905F92EA-12D7-44B9-C51B-2C695A2F087C}.Debug|Any CPU.ActiveCfg = Debug|Any CPU
		{905F92EA-12D7-44B9-C51B-2C695A2F087C}.Debug|Any CPU.Build.0 = Debug|Any CPU
		{905F92EA-12D7-44B9-C51B-2C695A2F087C}.Release|Any CPU.ActiveCfg = Release|Any CPU
		{905F92EA-12D7-44B9-C51B-2C695A2F087C}.Release|Any CPU.Build.0 = Release|Any CPU
		{D6AA8B29-E354-04AF-6541-8DF97E8B436C}.Debug|Any CPU.ActiveCfg = Debug|Any CPU
		{D6AA8B29-E354-04AF-6541-8DF97E8B436C}.Debug|Any CPU.Build.0 = Debug|Any CPU
		{D6AA8B29-E354-04AF-6541-8DF97E8B436C}.Release|Any CPU.ActiveCfg = Release|Any CPU
		{D6AA8B29-E354-04AF-6541-8DF97E8B436C}.Release|Any CPU.Build.0 = Release|Any CPU
		{C3905218-1E6B-7B4C-4AD3-C3D27E289FCB}.Debug|Any CPU.ActiveCfg = Debug|Any CPU
		{C3905218-1E6B-7B4C-4AD3-C3D27E289FCB}.Debug|Any CPU.Build.0 = Debug|Any CPU
		{C3905218-1E6B-7B4C-4AD3-C3D27E289FCB}.Release|Any CPU.ActiveCfg = Release|Any CPU
		{C3905218-1E6B-7B4C-4AD3-C3D27E289FCB}.Release|Any CPU.Build.0 = Release|Any CPU
		{F16034D9-05C3-94F2-A68C-325D64348023}.Debug|Any CPU.ActiveCfg = Debug|Any CPU
		{F16034D9-05C3-94F2-A68C-325D64348023}.Debug|Any CPU.Build.0 = Debug|Any CPU
		{F16034D9-05C3-94F2-A68C-325D64348023}.Release|Any CPU.ActiveCfg = Release|Any CPU
		{F16034D9-05C3-94F2-A68C-325D64348023}.Release|Any CPU.Build.0 = Release|Any CPU
	EndGlobalSection
	GlobalSection(SolutionProperties) = preSolution
		HideSolutionNode = FALSE
	EndGlobalSection
	GlobalSection(ExtensibilityGlobals) = postSolution
		SolutionGuid = {D61484DD-15E7-440E-8564-2AC502B8886F}
	EndGlobalSection
EndGlobal
